<!DOCTYPE html>
<html lang="en">
  <head>
    <meta charset="UTF-8"/>
    <meta name="viewport" content="width=device-width, initial-scale=1.0"/>
    <title>Terminal Nomad</title>
    <link href="https://fonts.googleapis.com/css2?family=Inter:wght@400;600;800&amp;family=JetBrains+Mono:wght@700&amp;display=swap" rel="stylesheet">
  <script type='text/javascript' nonce='jJ5Kb+FSrBba2fhMm8QV+A==' src='https://aistudio.google.com/5oDntgKfjGiPexVEhkVbvoUKuYtx3aqFaQ8zMSRQg5ZBR_0MuQ0MqjcsFvKD8fmzq4VH5sG3rHxCyDh3dsR8vZm5Ca5SKPZSSavZtiJb2DkxIH4mNiKRTrVbNynuh9XxK_fEFyApABCNM7lq0dBG-GGnxCV8wk_JyfGWHh8MW-HBMafi4VM5QL2CPBFN4bmKdz1p4ineU3vxd1iv2NhQhunNTmVgs3bvHLtEAjFwU76tEYNnrFRz3G4u0Vpq0EA7YYp4ohMTPgvFrKXGR8HGg7A2IgRAtQsauWzejppxOE0ygH7004gXTI_mIPUGGKAjYlDmugc4gjry4yZIlwGIZRF6_hksXfSbGnV4v_xQAg-I8FKzteTcdVqdfu0zo7vSr92gDPDTlMib63U4NMGWpyoP9Pl1ssQnfbqdZaW5BW2cCSUaZphVZKgrK7RY7IJWoQ_Jj0TMNBThmhsQil4-trs3g6sC1KUZNJrZKbGPPIGaDM5eQ9pxbS9_t-EEwPl0GI9ZHSekctKCr2_w9T7OzWlLh1fpq6eLlXR4HWHFvoi47l-6JKUFQXFUvviCsEdI6-q5vupCzQQqDeDas1LWYKa5QxSzETQgXy_JGW_SOWiBZDTCZA'></script></head>
  <body>
    <div id="root"></div>
    <script type="module" src="/src/main.tsx"></script>
  </body>
</html>
